# This file is autogenerated, do not edit; changes may be undone by the next 'dep ensure'.


[[projects]]
  digest = "1:7f9220a3dc120183be41ef0eb4d207a01ed5936c0dc07edeb72b47de109e22e9"
  name = "github.com/RoaringBitmap/roaring"
  packages = ["."]
  pruneopts = "UT"
  revision = "c82f60c180e02b3d2fb91971bae92c2db5a8763a"
  version = "v0.4.23"

[[projects]]
  digest = "1:61406f6571eeb97717bdfaac37fa0bc5260621c4cbf3ce7635e9828dcbb5258a"
  name = "github.com/cespare/xxhash"
  packages = ["."]
  pruneopts = "UT"
  revision = "d7df74196a9e781ede915320c11c378c1b2f3a1f"
  version = "v2.1.1"

[[projects]]
  digest = "1:ffe9824d294da03b391f44e1ae8281281b4afc1bdaa9588c9097785e3af10cec"
  name = "github.com/davecgh/go-spew"
  packages = ["spew"]
  pruneopts = "UT"
  revision = "8991bc29aa16c548c550c7ff78260e27b9ab7c73"
  version = "v1.1.1"

[[projects]]
  branch = "master"
  digest = "1:b2a9da4dfb6d53e94d8bf6fbb23a9cee5fff7419167b97770b8e3b6a462f1742"
  name = "github.com/dgryski/go-bits"
  packages = ["."]
  pruneopts = "UT"
  revision = "bd8a69a71dc203aa976f9d918b428db9ac605f57"

[[projects]]
  branch = "master"
  digest = "1:c57df9dedbc4d7bcb1a014b7023838b8c121a8e07de939ceee2724fb9fd392c7"
  name = "github.com/dgryski/go-bitstream"
  packages = ["."]
  pruneopts = "UT"
  revision = "3522498ce2c8ea06df73e55df58edfbfb33cfdd6"

[[projects]]
  branch = "master"
  digest = "1:3e58a7a4dd778768694d1733b076de0da7ad3d3be263017423ef6c93aa5cf563"
  name = "github.com/glycerine/go-unsnap-stream"
  packages = ["."]
  pruneopts = "UT"
  revision = "81cf024a9e0a906651886e23cb984a852a30b622"

[[projects]]
  digest = "1:22bc8f2ba4bb038ff7fa8c9f8c3d3b845ae9b87d25336b7f261ff687a9dc7553"
  name = "github.com/gogo/protobuf"
  packages = [
    "gogoproto",
    "proto",
    "protoc-gen-gogo/descriptor",
    "sortkeys",
    "types",
  ]
  pruneopts = "UT"
  revision = "5628607bb4c51c3157aacc3a50f0ab707582b805"
  version = "v1.3.1"

[[projects]]
  digest = "1:e4f5819333ac698d294fe04dbf640f84719658d5c7ce195b10060cc37292ce79"
  name = "github.com/golang/snappy"
  packages = ["."]
  pruneopts = "UT"
  revision = "2a8bb927dd31d8daada140a5d09578521ce5c36a"
  version = "v0.0.1"

[[projects]]
  digest = "1:5f689ba2ceef98f51c1d0a9554aa3959034e010d5bb6c3c4e2683b502ec84787"
  name = "github.com/influxdata/influxdb"
  packages = [
    "logger",
    "models",
    "monitor/diagnostics",
    "pkg/binaryutil",
    "pkg/bits",
    "pkg/bloom",
    "pkg/bytesutil",
    "pkg/escape",
    "pkg/estimator",
    "pkg/estimator/hll",
    "pkg/file",
    "pkg/limiter",
    "pkg/metrics",
    "pkg/mmap",
    "pkg/pool",
    "pkg/rhh",
    "pkg/slices",
    "pkg/snowflake",
    "pkg/tar",
    "pkg/tracing",
    "pkg/tracing/fields",
    "pkg/tracing/labels",
    "pkg/tracing/wire",
    "query",
    "query/internal",
    "query/neldermead",
    "toml",
    "tsdb",
    "tsdb/engine/tsm1",
    "tsdb/index",
    "tsdb/index/inmem",
    "tsdb/index/tsi1",
    "tsdb/internal",
  ]
  pruneopts = "UT"
  revision = "30832fc132de11e395c1b59dc6bfeb764439b56c"
  version = "v1.5.5"

[[projects]]
  digest = "1:ed88bd50dcd676059a9020f2d85d50a61dbd833731959ddbe8d722f09a03629f"
  name = "github.com/influxdata/influxql"
  packages = [
    ".",
    "internal",
  ]
  pruneopts = "UT"
  revision = "d3157fa09d6e1073dd9905056cf659a5dd4923d6"
  version = "v1.1.0"

[[projects]]
  digest = "1:01ebdcf56ff77c8e0b7a29853f503180f674235478fbecebd3f17e96aee99352"
  name = "github.com/jsternberg/zap-logfmt"
  packages = ["."]
  pruneopts = "UT"
  revision = "ef1948cade6f9592fac3f57654e3ddfc4986bb52"
  version = "v1.2.0"

[[projects]]
  branch = "master"
  digest = "1:b0a450ba626dd247151de6209d6e4a7f8156af1ebc1169186e641814d548ed16"
  name = "github.com/jwilder/encoding"
  packages = ["simple8b"]
  pruneopts = "UT"
  revision = "b4e1701a28efcc637d9afcca7d38e495fe909a09"

[[projects]]
  digest = "1:0c58d31abe2a2ccb429c559b6292e7df89dcda675456fecc282fa90aa08273eb"
  name = "github.com/mattn/go-isatty"
  packages = ["."]
  pruneopts = "UT"
  revision = "7b513a986450394f7bbf1476909911b3aa3a55ce"
  version = "v0.0.12"

[[projects]]
  branch = "master"
  digest = "1:c22fdadfe2de0e1df75987cac34f1c721157dc24f180c76b4ef66a3c9637a799"
  name = "github.com/mschoch/smat"
  packages = ["."]
  pruneopts = "UT"
  revision = "90eadee771aeab36e8bf796039b8c261bebebe4f"

[[projects]]
  digest = "1:5e73b34a27d827212102605789de00bd411b2e434812133c83935fe9897c75e1"
  name = "github.com/philhofer/fwd"
  packages = ["."]
  pruneopts = "UT"
  revision = "bb6d471dc95d4fe11e432687f8b70ff496cf3136"
  version = "v1.0.0"

[[projects]]
  digest = "1:0028cb19b2e4c3112225cd871870f2d9cf49b9b4276531f03438a88e94be86fe"
  name = "github.com/pmezard/go-difflib"
  packages = ["difflib"]
  pruneopts = "UT"
  revision = "792786c7400a136282c1664665ae0a8db921c6c2"
  version = "v1.0.0"

[[projects]]
  digest = "1:5e8f46b412421d2d6cceea845d28ac46f3f5a5f60a6e86f0ee75e24fd43a02a9"
  name = "github.com/stretchr/testify"
  packages = ["assert"]
  pruneopts = "UT"
  revision = "3ebf1ddaeb260c4b1ae502a01c7844fa8c1fa0e9"
  version = "v1.5.1"

[[projects]]
  digest = "1:6636bfca29dde8561c03e98ccddbe36240f13a01ac770d7ea07f4fd019ed6e65"
  name = "github.com/tinylib/msgp"
  packages = ["msgp"]
  pruneopts = "UT"
  revision = "4253cdaa5267687e3b7612da7ff105d4414174da"
  version = "v1.1.2"

[[projects]]
  digest = "1:85ddc8a0e53c1ebe8ba228f2303fb156feffd8f2b4bead4d1d0af9c293c6054f"
  name = "github.com/willf/bitset"
  packages = ["."]
  pruneopts = "UT"
  revision = "20ad246f50b49590afcb1ed8ad143da7163869cb"
  version = "v1.1.10"

[[projects]]
  digest = "1:3d933a7058758f9d41e542606c63aa2b0b5a7d212880b5a9bd86d946c70be4a7"
  name = "github.com/xlab/treeprint"
  packages = ["."]
  pruneopts = "UT"
  revision = "f20643a638f32b600e806bd95db296e33ce4346f"
  version = "v1.0.0"

[[projects]]
  digest = "1:19525e48b45af69339bd7c2812137dbd1e650a78fc09c7c75482e307d51aa28d"
  name = "go.uber.org/atomic"
  packages = ["."]
  pruneopts = "UT"
  revision = "845920076a298bdb984fb0f1b86052e4ca0a281c"
  version = "v1.6.0"

[[projects]]
  digest = "1:a23ddd39502ba94e2a72815a946d0edec801defcf0a0c0530d04acee1f455128"
  name = "go.uber.org/multierr"
  packages = ["."]
  pruneopts = "UT"
  revision = "b587143a48b62b01d337824eab43700af6ffe222"
  version = "v1.5.0"

[[projects]]
  digest = "1:37db8edb1893509ed6230cb160a98ff5dc8fe4f82b6818baa88af4b478ce3824"
  name = "go.uber.org/zap"
  packages = [
    ".",
    "buffer",
    "internal/bufferpool",
    "internal/color",
    "internal/exit",
    "zapcore",
  ]
  pruneopts = "UT"
  revision = "2aa9fa25da83bdfff756c36a91442edc9a84576c"
  version = "v1.14.1"

[[projects]]
  branch = "master"
  digest = "1:b521f10a2d8fa85c04a8ef4e62f2d1e14d303599a55d64dabf9f5a02f84d35eb"
  name = "golang.org/x/sync"
  packages = ["errgroup"]
  pruneopts = "UT"
  revision = "43a5402ce75a95522677f77c619865d66b8c57ab"

[[projects]]
  branch = "master"
  digest = "1:842f1500cf319662226ee2f897aa1bf5e9228bb851af8a9aaef5c425fe90f14e"
  name = "golang.org/x/sys"
  packages = ["unix"]
  pruneopts = "UT"
  revision = "c3d80250170dec19bf61949c81233cede5ddaf61"

[[projects]]
  branch = "master"
  digest = "1:a2f668c709f9078828e99cb1768cb02e876cb81030545046a32b54b2ac2a9ea8"
  name = "golang.org/x/time"
  packages = ["rate"]
  pruneopts = "UT"
  revision = "555d28b269f0569763d25dbe1a237ae74c6bcc82"

[[projects]]
  digest = "1:55b110c99c5fdc4f14930747326acce56b52cfce60b24b1c03ef686ac0e46bb1"
  name = "gopkg.in/yaml.v2"
  packages = ["."]
  pruneopts = "UT"
  revision = "53403b58ad1b561927d19068c655246f2db79d48"
  version = "v2.2.8"

[solve-meta]
  analyzer-name = "dep"
  analyzer-version = 1
  input-imports = [
    "github.com/golang/snappy",
    "github.com/influxdata/influxdb/models",
    "github.com/influxdata/influxdb/pkg/limiter",
    "github.com/influxdata/influxdb/tsdb",
    "github.com/influxdata/influxdb/tsdb/engine/tsm1",
    "github.com/influxdata/influxql",
    "github.com/stretchr/testify/assert",
  ]
  solver-name = "gps-cdcl"
  solver-version = 1
